{
  "name": "demo.xuliehaonet.com",
  "version": "1.0.0",
  "lockfileVersion": 1,
  "requires": true,
  "dependencies": {
    "@luojianet/utility": {
      "version": "2.1.2",
      "resolved": "https://registry.npmjs.org/@luojianet/utility/-/utility-2.1.2.tgz",
      "integrity": "sha512-Qhj6gSNeoJvegEIM+FwmO/LZXCfkzosiUPhEeAFnNfkw0D+zU5uzPSVOuROmXi8Fkp10UT592KO3A6Ap095W2g=="
    }
  }
}
