{
  "name": "20170902002",
  "version": "1.0.0",
  "lockfileVersion": 1,
  "requires": true,
  "dependencies": {
    "resetcss": {
      "version": "1.0.3",
      "resolved": "http://registry.npm.taobao.org/resetcss/download/resetcss-1.0.3.tgz",
      "integrity": "sha1-8TlgvgZyi6hEYvD1FXXcEMgFggk="
    },
    "vue": {
      "version": "http://registry.npm.taobao.org/vue/download/vue-2.4.2.tgz"
    }
  }
}
